
Microsoft Visual Studio Solution File, Format Version 12.00
# Visual Studio Version 16
VisualStudioVersion = 16.0.30711.63
MinimumVisualStudioVersion = 10.0.40219.1
Project("{9092AA53-FB77-4645-B42D-1CCCA6BD08BD}") = "Stroitel", "NodejsConsoleApp1\Stroitel.njsproj", "{E7318505-D40A-40DB-B2EC-0120913152B6}"
EndProject
Global
	GlobalSection(SolutionConfigurationPlatforms) = preSolution
		Debug|Any CPU = Debug|Any CPU
		Release|Any CPU = Release|Any CPU
	EndGlobalSection
	GlobalSection(ProjectConfigurationPlatforms) = postSolution
		{E7318505-D40A-40DB-B2EC-0120913152B6}.Debug|Any CPU.ActiveCfg = Debug|Any CPU
		{E7318505-D40A-40DB-B2EC-0120913152B6}.Debug|Any CPU.Build.0 = Debug|Any CPU
		{E7318505-D40A-40DB-B2EC-0120913152B6}.Release|Any CPU.ActiveCfg = Release|Any CPU
		{E7318505-D40A-40DB-B2EC-0120913152B6}.Release|Any CPU.Build.0 = Release|Any CPU
	EndGlobalSection
	GlobalSection(SolutionProperties) = preSolution
		HideSolutionNode = FALSE
	EndGlobalSection
	GlobalSection(ExtensibilityGlobals) = postSolution
		SolutionGuid = {CF3C25E1-61D3-4D42-A06D-7408E1D10EDA}
	EndGlobalSection
EndGlobal
