
Microsoft Visual Studio Solution File, Format Version 12.00
# Visual Studio Version 16
VisualStudioVersion = 16.0.30711.63
MinimumVisualStudioVersion = 10.0.40219.1
Project("{9092AA53-FB77-4645-B42D-1CCCA6BD08BD}") = "Pattern_stroitel", "Pattern_stroitel\Pattern_stroitel.njsproj", "{C46AE2C5-FFFD-4646-A8BB-CC36E74E9E15}"
EndProject
Global
	GlobalSection(SolutionConfigurationPlatforms) = preSolution
		Debug|Any CPU = Debug|Any CPU
		Release|Any CPU = Release|Any CPU
	EndGlobalSection
	GlobalSection(ProjectConfigurationPlatforms) = postSolution
		{C46AE2C5-FFFD-4646-A8BB-CC36E74E9E15}.Debug|Any CPU.ActiveCfg = Debug|Any CPU
		{C46AE2C5-FFFD-4646-A8BB-CC36E74E9E15}.Debug|Any CPU.Build.0 = Debug|Any CPU
		{C46AE2C5-FFFD-4646-A8BB-CC36E74E9E15}.Release|Any CPU.ActiveCfg = Release|Any CPU
		{C46AE2C5-FFFD-4646-A8BB-CC36E74E9E15}.Release|Any CPU.Build.0 = Release|Any CPU
	EndGlobalSection
	GlobalSection(SolutionProperties) = preSolution
		HideSolutionNode = FALSE
	EndGlobalSection
	GlobalSection(ExtensibilityGlobals) = postSolution
		SolutionGuid = {5601A15C-D6DE-4140-899A-349E2BAF7306}
	EndGlobalSection
EndGlobal
